Microsoft Visual Studio Solution File, Format Version 11.00
# Visual Studio 2008

Project("{C0A7B503-B021-CAC7-FAE4-C71E1FB4DA68}") = "Proiect_MPS", "Assembly-CSharp.csproj", "{88269D88-E3D4-02C3-7B9A-667AF0292C41}"
EndProject
Global
	GlobalSection(SolutionConfigurationPlatforms) = preSolution
		Debug|Any CPU = Debug|Any CPU
		Release|Any CPU = Release|Any CPU
	EndGlobalSection
	GlobalSection(ProjectConfigurationPlatforms) = postSolution
		{88269D88-E3D4-02C3-7B9A-667AF0292C41}.Debug|Any CPU.ActiveCfg = Debug|Any CPU
		{88269D88-E3D4-02C3-7B9A-667AF0292C41}.Debug|Any CPU.Build.0 = Debug|Any CPU
		{88269D88-E3D4-02C3-7B9A-667AF0292C41}.Release|Any CPU.ActiveCfg = Release|Any CPU
		{88269D88-E3D4-02C3-7B9A-667AF0292C41}.Release|Any CPU.Build.0 = Release|Any CPU
	EndGlobalSection
	GlobalSection(SolutionProperties) = preSolution
		HideSolutionNode = FALSE
	EndGlobalSection
	GlobalSection(MonoDevelopProperties) = preSolution
		StartupItem = Assembly-CSharp.csproj
	EndGlobalSection
EndGlobal
